
Microsoft Visual Studio Solution File, Format Version 12.00
# Visual Studio Version 16
VisualStudioVersion = 16.0.31727.386
MinimumVisualStudioVersion = 10.0.40219.1
Project("{FAE04EC0-301F-11D3-BF4B-00C04F79EFBC}") = "ALDEED_HFT_2021221.Client", "ALDEED_HFT_2021221.Client\ALDEED_HFT_2021221.Client.csproj", "{33616995-994F-49FD-95A8-A6048C0D9F09}"
EndProject
Project("{FAE04EC0-301F-11D3-BF4B-00C04F79EFBC}") = "ALDEED_HFT_2021221.Models", "ALDEED_HFT_2021221.Models\ALDEED_HFT_2021221.Models.csproj", "{44A62246-724C-417C-A7EA-82E5E4497330}"
EndProject
Project("{FAE04EC0-301F-11D3-BF4B-00C04F79EFBC}") = "ALDEED_HFT_2021221.Data", "ALDEED_HFT_2021221.Data\ALDEED_HFT_2021221.Data.csproj", "{BB829281-4139-45D6-9B5D-3CED0BFD0443}"
EndProject
Project("{FAE04EC0-301F-11D3-BF4B-00C04F79EFBC}") = "ALDEED_HFT_2021221.Logic", "ALDEED_HFT_2021221.Logic\ALDEED_HFT_2021221.Logic.csproj", "{35F54782-5051-4350-9A77-4CC91A72891F}"
EndProject
Project("{FAE04EC0-301F-11D3-BF4B-00C04F79EFBC}") = "ALDEED_HFT_2021221.Repository", "ALDEED_HFT_2021221.Repository\ALDEED_HFT_2021221.Repository.csproj", "{F522985D-7F1D-4E8D-81F0-D1EF24AC4ED4}"
EndProject
Project("{FAE04EC0-301F-11D3-BF4B-00C04F79EFBC}") = "ALDEED_HFT_2021221.Endpoint", "ALDEED_HFT_2021221.Endpoint\ALDEED_HFT_2021221.Endpoint.csproj", "{F1DA8EF9-ECA1-42F5-B6DC-E58FE3E435D4}"
EndProject
Project("{FAE04EC0-301F-11D3-BF4B-00C04F79EFBC}") = "ALDEED_HFT_2021221.Test", "ALDEED_HFT_2021221.Test\ALDEED_HFT_2021221.Test.csproj", "{C0D120D5-5F26-42DA-9105-585AB717A1CD}"
EndProject
Project("{2150E333-8FDC-42A3-9474-1A3956D46DE8}") = "Backend", "Backend", "{6FBD4172-9886-4E8C-85E6-9E23CE790321}"
EndProject
Project("{2150E333-8FDC-42A3-9474-1A3956D46DE8}") = "Frontend", "Frontend", "{6E3F3C0F-0FEF-4E6A-B16C-15D7B60DBF54}"
EndProject
Project("{2150E333-8FDC-42A3-9474-1A3956D46DE8}") = "Shared", "Shared", "{781E4936-953A-4D99-9FC8-E56FB07666FA}"
EndProject
Project("{2150E333-8FDC-42A3-9474-1A3956D46DE8}") = "Others", "Others", "{C480CD2C-3207-4CDC-A07B-6FE2F4BA0107}"
	ProjectSection(SolutionItems) = preProject
		.gitignore = .gitignore
	EndProjectSection
EndProject
Global
	GlobalSection(SolutionConfigurationPlatforms) = preSolution
		Debug|Any CPU = Debug|Any CPU
		Release|Any CPU = Release|Any CPU
	EndGlobalSection
	GlobalSection(ProjectConfigurationPlatforms) = postSolution
		{33616995-994F-49FD-95A8-A6048C0D9F09}.Debug|Any CPU.ActiveCfg = Debug|Any CPU
		{33616995-994F-49FD-95A8-A6048C0D9F09}.Debug|Any CPU.Build.0 = Debug|Any CPU
		{33616995-994F-49FD-95A8-A6048C0D9F09}.Release|Any CPU.ActiveCfg = Release|Any CPU
		{33616995-994F-49FD-95A8-A6048C0D9F09}.Release|Any CPU.Build.0 = Release|Any CPU
		{44A62246-724C-417C-A7EA-82E5E4497330}.Debug|Any CPU.ActiveCfg = Debug|Any CPU
		{44A62246-724C-417C-A7EA-82E5E4497330}.Debug|Any CPU.Build.0 = Debug|Any CPU
		{44A62246-724C-417C-A7EA-82E5E4497330}.Release|Any CPU.ActiveCfg = Release|Any CPU
		{44A62246-724C-417C-A7EA-82E5E4497330}.Release|Any CPU.Build.0 = Release|Any CPU
		{BB829281-4139-45D6-9B5D-3CED0BFD0443}.Debug|Any CPU.ActiveCfg = Debug|Any CPU
		{BB829281-4139-45D6-9B5D-3CED0BFD0443}.Debug|Any CPU.Build.0 = Debug|Any CPU
		{BB829281-4139-45D6-9B5D-3CED0BFD0443}.Release|Any CPU.ActiveCfg = Release|Any CPU
		{BB829281-4139-45D6-9B5D-3CED0BFD0443}.Release|Any CPU.Build.0 = Release|Any CPU
		{35F54782-5051-4350-9A77-4CC91A72891F}.Debug|Any CPU.ActiveCfg = Debug|Any CPU
		{35F54782-5051-4350-9A77-4CC91A72891F}.Debug|Any CPU.Build.0 = Debug|Any CPU
		{35F54782-5051-4350-9A77-4CC91A72891F}.Release|Any CPU.ActiveCfg = Release|Any CPU
		{35F54782-5051-4350-9A77-4CC91A72891F}.Release|Any CPU.Build.0 = Release|Any CPU
		{F522985D-7F1D-4E8D-81F0-D1EF24AC4ED4}.Debug|Any CPU.ActiveCfg = Debug|Any CPU
		{F522985D-7F1D-4E8D-81F0-D1EF24AC4ED4}.Debug|Any CPU.Build.0 = Debug|Any CPU
		{F522985D-7F1D-4E8D-81F0-D1EF24AC4ED4}.Release|Any CPU.ActiveCfg = Release|Any CPU
		{F522985D-7F1D-4E8D-81F0-D1EF24AC4ED4}.Release|Any CPU.Build.0 = Release|Any CPU
		{F1DA8EF9-ECA1-42F5-B6DC-E58FE3E435D4}.Debug|Any CPU.ActiveCfg = Debug|Any CPU
		{F1DA8EF9-ECA1-42F5-B6DC-E58FE3E435D4}.Debug|Any CPU.Build.0 = Debug|Any CPU
		{F1DA8EF9-ECA1-42F5-B6DC-E58FE3E435D4}.Release|Any CPU.ActiveCfg = Release|Any CPU
		{F1DA8EF9-ECA1-42F5-B6DC-E58FE3E435D4}.Release|Any CPU.Build.0 = Release|Any CPU
		{C0D120D5-5F26-42DA-9105-585AB717A1CD}.Debug|Any CPU.ActiveCfg = Debug|Any CPU
		{C0D120D5-5F26-42DA-9105-585AB717A1CD}.Debug|Any CPU.Build.0 = Debug|Any CPU
		{C0D120D5-5F26-42DA-9105-585AB717A1CD}.Release|Any CPU.ActiveCfg = Release|Any CPU
		{C0D120D5-5F26-42DA-9105-585AB717A1CD}.Release|Any CPU.Build.0 = Release|Any CPU
	EndGlobalSection
	GlobalSection(SolutionProperties) = preSolution
		HideSolutionNode = FALSE
	EndGlobalSection
	GlobalSection(NestedProjects) = preSolution
		{33616995-994F-49FD-95A8-A6048C0D9F09} = {6E3F3C0F-0FEF-4E6A-B16C-15D7B60DBF54}
		{44A62246-724C-417C-A7EA-82E5E4497330} = {781E4936-953A-4D99-9FC8-E56FB07666FA}
		{BB829281-4139-45D6-9B5D-3CED0BFD0443} = {6FBD4172-9886-4E8C-85E6-9E23CE790321}
		{35F54782-5051-4350-9A77-4CC91A72891F} = {6FBD4172-9886-4E8C-85E6-9E23CE790321}
		{F522985D-7F1D-4E8D-81F0-D1EF24AC4ED4} = {6FBD4172-9886-4E8C-85E6-9E23CE790321}
		{F1DA8EF9-ECA1-42F5-B6DC-E58FE3E435D4} = {6FBD4172-9886-4E8C-85E6-9E23CE790321}
		{C0D120D5-5F26-42DA-9105-585AB717A1CD} = {6FBD4172-9886-4E8C-85E6-9E23CE790321}
	EndGlobalSection
	GlobalSection(ExtensibilityGlobals) = postSolution
		SolutionGuid = {DBB68751-BD67-4E18-AF40-6B1E1FEAEE30}
	EndGlobalSection
EndGlobal
